
Microsoft Visual Studio Solution File, Format Version 12.00
# Visual Studio Version 16
VisualStudioVersion = 16.0.30907.101
MinimumVisualStudioVersion = 10.0.40219.1
Project("{FAE04EC0-301F-11D3-BF4B-00C04F79EFBC}") = "Web", "Web\Web.csproj", "{B374B299-9EB6-4CE9-B25E-BD1510D704D5}"
EndProject
Project("{FAE04EC0-301F-11D3-BF4B-00C04F79EFBC}") = "Core", "Core\Core.csproj", "{BBF9F080-826B-4F67-8980-CD3685FBED9B}"
EndProject
Project("{FAE04EC0-301F-11D3-BF4B-00C04F79EFBC}") = "Infrastructure", "Infrastructure\Infrastructure.csproj", "{A09001DD-8992-42E9-ACF7-FCE081D3A332}"
EndProject
Global
	GlobalSection(SolutionConfigurationPlatforms) = preSolution
		Debug|Any CPU = Debug|Any CPU
		Release|Any CPU = Release|Any CPU
	EndGlobalSection
	GlobalSection(ProjectConfigurationPlatforms) = postSolution
		{B374B299-9EB6-4CE9-B25E-BD1510D704D5}.Debug|Any CPU.ActiveCfg = Debug|Any CPU
		{B374B299-9EB6-4CE9-B25E-BD1510D704D5}.Debug|Any CPU.Build.0 = Debug|Any CPU
		{B374B299-9EB6-4CE9-B25E-BD1510D704D5}.Release|Any CPU.ActiveCfg = Release|Any CPU
		{B374B299-9EB6-4CE9-B25E-BD1510D704D5}.Release|Any CPU.Build.0 = Release|Any CPU
		{BBF9F080-826B-4F67-8980-CD3685FBED9B}.Debug|Any CPU.ActiveCfg = Debug|Any CPU
		{BBF9F080-826B-4F67-8980-CD3685FBED9B}.Debug|Any CPU.Build.0 = Debug|Any CPU
		{BBF9F080-826B-4F67-8980-CD3685FBED9B}.Release|Any CPU.ActiveCfg = Release|Any CPU
		{BBF9F080-826B-4F67-8980-CD3685FBED9B}.Release|Any CPU.Build.0 = Release|Any CPU
		{A09001DD-8992-42E9-ACF7-FCE081D3A332}.Debug|Any CPU.ActiveCfg = Debug|Any CPU
		{A09001DD-8992-42E9-ACF7-FCE081D3A332}.Debug|Any CPU.Build.0 = Debug|Any CPU
		{A09001DD-8992-42E9-ACF7-FCE081D3A332}.Release|Any CPU.ActiveCfg = Release|Any CPU
		{A09001DD-8992-42E9-ACF7-FCE081D3A332}.Release|Any CPU.Build.0 = Release|Any CPU
	EndGlobalSection
	GlobalSection(SolutionProperties) = preSolution
		HideSolutionNode = FALSE
	EndGlobalSection
	GlobalSection(ExtensibilityGlobals) = postSolution
		SolutionGuid = {C7F21176-8933-435C-9E61-0C932CE5992C}
	EndGlobalSection
EndGlobal
